
Microsoft Visual Studio Solution File, Format Version 12.00
Project("{2150E333-8FDC-42A3-9474-1A3956D46DE8}") = "__root__", "__root__", "{21399CC9-353B-44EC-A325-8135934FE2F9}"
	ProjectSection(SolutionItems) = preProject
		.dockerignore = .dockerignore
		.gitignore = .gitignore
		README.md = README.md
	EndProjectSection
EndProject
Project("{FAE04EC0-301F-11D3-BF4B-00C04F79EFBC}") = "Pbfl.Data", "Pbfl.Data\Pbfl.Data.csproj", "{ADE51760-29EF-4130-8AF3-F785C15C4EF5}"
EndProject
Project("{FAE04EC0-301F-11D3-BF4B-00C04F79EFBC}") = "PostgresMigrations", "Migrations\PostgresMigrations\PostgresMigrations.csproj", "{A2AC1AFF-981D-44CE-97B7-BAA45C1E6600}"
EndProject
Project("{2150E333-8FDC-42A3-9474-1A3956D46DE8}") = "Migrations", "Migrations", "{49EDD742-2002-4796-B8F8-33DCBA43A686}"
	ProjectSection(SolutionItems) = preProject
		Migrations\ef-migrations.sh = Migrations\ef-migrations.sh
	EndProjectSection
EndProject
Project("{FAE04EC0-301F-11D3-BF4B-00C04F79EFBC}") = "SqliteMigrations", "Migrations\SqliteMigrations\SqliteMigrations.csproj", "{0FBDD9A7-7E17-48DC-AD72-BA77FD2B3201}"
EndProject
Project("{FAE04EC0-301F-11D3-BF4B-00C04F79EFBC}") = "Pbfl.Server", "Pbfl.Server\Pbfl.Server.csproj", "{446787D4-EB6B-407A-B8C8-7A763C713BE5}"
EndProject
Project("{FAE04EC0-301F-11D3-BF4B-00C04F79EFBC}") = "Pbfl.Blazor", "Pbfl.Blazor\Pbfl.Blazor.csproj", "{80DE27A2-E41B-4A00-8F2B-AC93DF511AFF}"
EndProject
Global
	GlobalSection(SolutionConfigurationPlatforms) = preSolution
		Debug|Any CPU = Debug|Any CPU
		Release|Any CPU = Release|Any CPU
	EndGlobalSection
	GlobalSection(ProjectConfigurationPlatforms) = postSolution
		{ADE51760-29EF-4130-8AF3-F785C15C4EF5}.Debug|Any CPU.ActiveCfg = Debug|Any CPU
		{ADE51760-29EF-4130-8AF3-F785C15C4EF5}.Debug|Any CPU.Build.0 = Debug|Any CPU
		{ADE51760-29EF-4130-8AF3-F785C15C4EF5}.Release|Any CPU.ActiveCfg = Release|Any CPU
		{ADE51760-29EF-4130-8AF3-F785C15C4EF5}.Release|Any CPU.Build.0 = Release|Any CPU
		{A2AC1AFF-981D-44CE-97B7-BAA45C1E6600}.Debug|Any CPU.ActiveCfg = Debug|Any CPU
		{A2AC1AFF-981D-44CE-97B7-BAA45C1E6600}.Debug|Any CPU.Build.0 = Debug|Any CPU
		{A2AC1AFF-981D-44CE-97B7-BAA45C1E6600}.Release|Any CPU.ActiveCfg = Release|Any CPU
		{A2AC1AFF-981D-44CE-97B7-BAA45C1E6600}.Release|Any CPU.Build.0 = Release|Any CPU
		{0FBDD9A7-7E17-48DC-AD72-BA77FD2B3201}.Debug|Any CPU.ActiveCfg = Debug|Any CPU
		{0FBDD9A7-7E17-48DC-AD72-BA77FD2B3201}.Debug|Any CPU.Build.0 = Debug|Any CPU
		{0FBDD9A7-7E17-48DC-AD72-BA77FD2B3201}.Release|Any CPU.ActiveCfg = Release|Any CPU
		{0FBDD9A7-7E17-48DC-AD72-BA77FD2B3201}.Release|Any CPU.Build.0 = Release|Any CPU
		{446787D4-EB6B-407A-B8C8-7A763C713BE5}.Debug|Any CPU.ActiveCfg = Debug|Any CPU
		{446787D4-EB6B-407A-B8C8-7A763C713BE5}.Debug|Any CPU.Build.0 = Debug|Any CPU
		{446787D4-EB6B-407A-B8C8-7A763C713BE5}.Release|Any CPU.ActiveCfg = Release|Any CPU
		{446787D4-EB6B-407A-B8C8-7A763C713BE5}.Release|Any CPU.Build.0 = Release|Any CPU
		{80DE27A2-E41B-4A00-8F2B-AC93DF511AFF}.Debug|Any CPU.ActiveCfg = Debug|Any CPU
		{80DE27A2-E41B-4A00-8F2B-AC93DF511AFF}.Debug|Any CPU.Build.0 = Debug|Any CPU
		{80DE27A2-E41B-4A00-8F2B-AC93DF511AFF}.Release|Any CPU.ActiveCfg = Release|Any CPU
		{80DE27A2-E41B-4A00-8F2B-AC93DF511AFF}.Release|Any CPU.Build.0 = Release|Any CPU
	EndGlobalSection
	GlobalSection(NestedProjects) = preSolution
		{A2AC1AFF-981D-44CE-97B7-BAA45C1E6600} = {49EDD742-2002-4796-B8F8-33DCBA43A686}
		{0FBDD9A7-7E17-48DC-AD72-BA77FD2B3201} = {49EDD742-2002-4796-B8F8-33DCBA43A686}
	EndGlobalSection
EndGlobal
